
Microsoft Visual Studio Solution File, Format Version 12.00
# Visual Studio Version 17
VisualStudioVersion = 17.2.32505.173
MinimumVisualStudioVersion = 10.0.40219.1
Project("{FAE04EC0-301F-11D3-BF4B-00C04F79EFBC}") = "TranDuyTan_BigSchool", "TranDuyTan_BigSchool\TranDuyTan_BigSchool.csproj", "{A6DE08B3-9CAA-43DD-9019-7AE7862FF217}"
EndProject
Global
	GlobalSection(SolutionConfigurationPlatforms) = preSolution
		Debug|Any CPU = Debug|Any CPU
		Release|Any CPU = Release|Any CPU
	EndGlobalSection
	GlobalSection(ProjectConfigurationPlatforms) = postSolution
		{A6DE08B3-9CAA-43DD-9019-7AE7862FF217}.Debug|Any CPU.ActiveCfg = Debug|Any CPU
		{A6DE08B3-9CAA-43DD-9019-7AE7862FF217}.Debug|Any CPU.Build.0 = Debug|Any CPU
		{A6DE08B3-9CAA-43DD-9019-7AE7862FF217}.Release|Any CPU.ActiveCfg = Release|Any CPU
		{A6DE08B3-9CAA-43DD-9019-7AE7862FF217}.Release|Any CPU.Build.0 = Release|Any CPU
	EndGlobalSection
	GlobalSection(SolutionProperties) = preSolution
		HideSolutionNode = FALSE
	EndGlobalSection
	GlobalSection(ExtensibilityGlobals) = postSolution
		SolutionGuid = {CD897C00-B59B-4708-BF54-8CEB7D9406E8}
	EndGlobalSection
EndGlobal
